
Microsoft Visual Studio Solution File, Format Version 12.00
# Visual Studio 15
VisualStudioVersion = 15.0.27703.2042
MinimumVisualStudioVersion = 10.0.40219.1
Project("{8BC9CEB8-8B4A-11D0-8D11-00A0C91BC942}") = "JsonParser", "JsonParser\JsonParser.vcxproj", "{572F9C83-7116-4BC0-8060-F42EFF6DEDEE}"
EndProject
Global
	GlobalSection(SolutionConfigurationPlatforms) = preSolution
		Debug|x64 = Debug|x64
		Debug|x86 = Debug|x86
		Release|x64 = Release|x64
		Release|x86 = Release|x86
	EndGlobalSection
	GlobalSection(ProjectConfigurationPlatforms) = postSolution
		{572F9C83-7116-4BC0-8060-F42EFF6DEDEE}.Debug|x64.ActiveCfg = Debug|x64
		{572F9C83-7116-4BC0-8060-F42EFF6DEDEE}.Debug|x64.Build.0 = Debug|x64
		{572F9C83-7116-4BC0-8060-F42EFF6DEDEE}.Debug|x86.ActiveCfg = Debug|Win32
		{572F9C83-7116-4BC0-8060-F42EFF6DEDEE}.Debug|x86.Build.0 = Debug|Win32
		{572F9C83-7116-4BC0-8060-F42EFF6DEDEE}.Release|x64.ActiveCfg = Release|x64
		{572F9C83-7116-4BC0-8060-F42EFF6DEDEE}.Release|x64.Build.0 = Release|x64
		{572F9C83-7116-4BC0-8060-F42EFF6DEDEE}.Release|x86.ActiveCfg = Release|Win32
		{572F9C83-7116-4BC0-8060-F42EFF6DEDEE}.Release|x86.Build.0 = Release|Win32
	EndGlobalSection
	GlobalSection(SolutionProperties) = preSolution
		HideSolutionNode = FALSE
	EndGlobalSection
	GlobalSection(ExtensibilityGlobals) = postSolution
		SolutionGuid = {20FCE16A-571E-4DBE-8F0D-3E500E2ED99C}
	EndGlobalSection
EndGlobal
